
Microsoft Visual Studio Solution File, Format Version 12.00
# Visual Studio Version 17
VisualStudioVersion = 17.3.32929.385
MinimumVisualStudioVersion = 10.0.40219.1
Project("{FAE04EC0-301F-11D3-BF4B-00C04F79EFBC}") = "MOBZec", "MOBZec.csproj", "{E62C8E44-C0A9-4D71-AA28-DB58FCD359EB}"
EndProject
Global
	GlobalSection(SolutionConfigurationPlatforms) = preSolution
		Debug|Any CPU = Debug|Any CPU
		Release|Any CPU = Release|Any CPU
	EndGlobalSection
	GlobalSection(ProjectConfigurationPlatforms) = postSolution
		{E62C8E44-C0A9-4D71-AA28-DB58FCD359EB}.Debug|Any CPU.ActiveCfg = Debug|Any CPU
		{E62C8E44-C0A9-4D71-AA28-DB58FCD359EB}.Debug|Any CPU.Build.0 = Debug|Any CPU
		{E62C8E44-C0A9-4D71-AA28-DB58FCD359EB}.Release|Any CPU.ActiveCfg = Release|Any CPU
		{E62C8E44-C0A9-4D71-AA28-DB58FCD359EB}.Release|Any CPU.Build.0 = Release|Any CPU
	EndGlobalSection
	GlobalSection(SolutionProperties) = preSolution
		HideSolutionNode = FALSE
	EndGlobalSection
	GlobalSection(ExtensibilityGlobals) = postSolution
		SolutionGuid = {FD54BDF6-9C78-4EFC-A3D7-C9F804B3F907}
	EndGlobalSection
EndGlobal
